# THIS IS AN AUTOGENERATED FILE. DO NOT EDIT THIS FILE DIRECTLY.
# yarn lockfile v1


react-hook-form@^7.68.0:
  version "7.68.0"
  resolved "https://registry.yarnpkg.com/react-hook-form/-/react-hook-form-7.68.0.tgz#733c6871fa4ec5e5bfb13e7650a3a912eafe1721"
  integrity sha512-oNN3fjrZ/Xo40SWlHf1yCjlMK417JxoSJVUXQjGdvdRCU07NTFei1i1f8ApUAts+IVh14e4EdakeLEA+BEAs/Q==
